lockfileVersion: '9.0'

settings:
  autoInstallPeers: true
  excludeLinksFromLockfile: false

importers:

  .:
    devDependencies:
      tailwindcss:
        specifier: ^4.0.8
        version: 4.0.8

packages:

  tailwindcss@4.0.8:
    resolution: {integrity: sha512-Me7N5CKR+D2A1xdWA5t5+kjjT7bwnxZOE6/yDI/ixJdJokszsn2n++mdU5yJwrsTpqFX2B9ZNMBJDwcqk9C9lw==}

snapshots:

  tailwindcss@4.0.8: {}
