lockfileVersion: '9.0'

settings:
  autoInstallPeers: true
  excludeLinksFromLockfile: false

importers:

  .:
    devDependencies:
      tailwindcss:
        specifier: ^4.0.14
        version: 4.0.14

packages:

  tailwindcss@4.0.14:
    resolution: {integrity: sha512-92YT2dpt671tFiHH/e1ok9D987N9fHD5VWoly1CdPD/Cd1HMglvZwP3nx2yTj2lbXDAHt8QssZkxTLCCTNL+xw==}

snapshots:

  tailwindcss@4.0.14: {}
